
Microsoft Visual Studio Solution File, Format Version 12.00
# Visual Studio Version 16
VisualStudioVersion = 16.0.30413.136
MinimumVisualStudioVersion = 10.0.40219.1
Project("{FAE04EC0-301F-11D3-BF4B-00C04F79EFBC}") = "KTANE_Solver", "KTANE_Solver.csproj", "{8F6A2693-B6F4-49B8-8880-24C97A34073F}"
EndProject
Project("{FAE04EC0-301F-11D3-BF4B-00C04F79EFBC}") = "ModuleTests", "ModuleTests\ModuleTests.csproj", "{AC04BEF9-4ECF-4EBB-BAD1-51EDCC7FFFB9}"
EndProject
Global
	GlobalSection(SolutionConfigurationPlatforms) = preSolution
		Debug|Any CPU = Debug|Any CPU
		Release|Any CPU = Release|Any CPU
	EndGlobalSection
	GlobalSection(ProjectConfigurationPlatforms) = postSolution
		{8F6A2693-B6F4-49B8-8880-24C97A34073F}.Debug|Any CPU.ActiveCfg = Debug|Any CPU
		{8F6A2693-B6F4-49B8-8880-24C97A34073F}.Debug|Any CPU.Build.0 = Debug|Any CPU
		{8F6A2693-B6F4-49B8-8880-24C97A34073F}.Release|Any CPU.ActiveCfg = Release|Any CPU
		{8F6A2693-B6F4-49B8-8880-24C97A34073F}.Release|Any CPU.Build.0 = Release|Any CPU
		{AC04BEF9-4ECF-4EBB-BAD1-51EDCC7FFFB9}.Debug|Any CPU.ActiveCfg = Debug|Any CPU
		{AC04BEF9-4ECF-4EBB-BAD1-51EDCC7FFFB9}.Debug|Any CPU.Build.0 = Debug|Any CPU
		{AC04BEF9-4ECF-4EBB-BAD1-51EDCC7FFFB9}.Release|Any CPU.ActiveCfg = Release|Any CPU
		{AC04BEF9-4ECF-4EBB-BAD1-51EDCC7FFFB9}.Release|Any CPU.Build.0 = Release|Any CPU
	EndGlobalSection
	GlobalSection(SolutionProperties) = preSolution
		HideSolutionNode = FALSE
	EndGlobalSection
	GlobalSection(ExtensibilityGlobals) = postSolution
		SolutionGuid = {C3C8E3CC-4BC9-4E6E-8481-0D550A7D152F}
	EndGlobalSection
EndGlobal
